
Microsoft Visual Studio Solution File, Format Version 12.00
# Visual Studio 15
VisualStudioVersion = 15.0.28010.2016
MinimumVisualStudioVersion = 10.0.40219.1
Project("{FAE04EC0-301F-11D3-BF4B-00C04F79EFBC}") = "MyDemoApp", "MyDemoApp\MyDemoApp.csproj", "{1FABA4E8-0DC9-4B4B-A2D4-5B5B25551F8C}"
EndProject
Global
	GlobalSection(SolutionConfigurationPlatforms) = preSolution
		Debug|Any CPU = Debug|Any CPU
		Release|Any CPU = Release|Any CPU
	EndGlobalSection
	GlobalSection(ProjectConfigurationPlatforms) = postSolution
		{1FABA4E8-0DC9-4B4B-A2D4-5B5B25551F8C}.Debug|Any CPU.ActiveCfg = Debug|Any CPU
		{1FABA4E8-0DC9-4B4B-A2D4-5B5B25551F8C}.Debug|Any CPU.Build.0 = Debug|Any CPU
		{1FABA4E8-0DC9-4B4B-A2D4-5B5B25551F8C}.Release|Any CPU.ActiveCfg = Release|Any CPU
		{1FABA4E8-0DC9-4B4B-A2D4-5B5B25551F8C}.Release|Any CPU.Build.0 = Release|Any CPU
	EndGlobalSection
	GlobalSection(SolutionProperties) = preSolution
		HideSolutionNode = FALSE
	EndGlobalSection
	GlobalSection(ExtensibilityGlobals) = postSolution
		SolutionGuid = {C8442448-5D57-4E26-B553-8BAF0EBDBD65}
	EndGlobalSection
EndGlobal
